
Microsoft Visual Studio Solution File, Format Version 12.00
# Visual Studio Version 16
VisualStudioVersion = 16.0.29409.12
MinimumVisualStudioVersion = 10.0.40219.1
Project("{FAE04EC0-301F-11D3-BF4B-00C04F79EFBC}") = "Dysprosium.WebApp", "Dysprosium.WebApp\Dysprosium.WebApp.csproj", "{BB4DC5E6-7058-420B-8AB0-291BC06CE5C4}"
EndProject
Project("{FAE04EC0-301F-11D3-BF4B-00C04F79EFBC}") = "Dysprosium.Demo", "Dysprosium.Demo\Dysprosium.Demo.csproj", "{7157ABB7-09D9-4F83-BFAE-1CA68F4AC773}"
EndProject
Global
	GlobalSection(SolutionConfigurationPlatforms) = preSolution
		Debug|Any CPU = Debug|Any CPU
		Release|Any CPU = Release|Any CPU
	EndGlobalSection
	GlobalSection(ProjectConfigurationPlatforms) = postSolution
		{BB4DC5E6-7058-420B-8AB0-291BC06CE5C4}.Debug|Any CPU.ActiveCfg = Debug|Any CPU
		{BB4DC5E6-7058-420B-8AB0-291BC06CE5C4}.Debug|Any CPU.Build.0 = Debug|Any CPU
		{BB4DC5E6-7058-420B-8AB0-291BC06CE5C4}.Release|Any CPU.ActiveCfg = Release|Any CPU
		{BB4DC5E6-7058-420B-8AB0-291BC06CE5C4}.Release|Any CPU.Build.0 = Release|Any CPU
		{7157ABB7-09D9-4F83-BFAE-1CA68F4AC773}.Debug|Any CPU.ActiveCfg = Debug|Any CPU
		{7157ABB7-09D9-4F83-BFAE-1CA68F4AC773}.Debug|Any CPU.Build.0 = Debug|Any CPU
		{7157ABB7-09D9-4F83-BFAE-1CA68F4AC773}.Release|Any CPU.ActiveCfg = Release|Any CPU
		{7157ABB7-09D9-4F83-BFAE-1CA68F4AC773}.Release|Any CPU.Build.0 = Release|Any CPU
	EndGlobalSection
	GlobalSection(SolutionProperties) = preSolution
		HideSolutionNode = FALSE
	EndGlobalSection
	GlobalSection(ExtensibilityGlobals) = postSolution
		SolutionGuid = {6FFE1B02-D456-44EF-9A33-EE91EEFBAFB5}
	EndGlobalSection
EndGlobal
